
Microsoft Visual Studio Solution File, Format Version 11.00
# Visual Studio 10
Project("{F2A71F9B-5D33-465A-A702-920D77279786}") = "SharpMalib", "SharpMalib\SharpMalib.fsproj", "{D8D5A216-F32D-45FA-805A-CBFC865D9231}"
EndProject
Project("{F2A71F9B-5D33-465A-A702-920D77279786}") = "SharpMaLib.Tests", "SharpMaLib.Tests\SharpMaLib.Tests.fsproj", "{2ED4051E-59BB-45FA-9E9D-2645B10EBF8A}"
EndProject
Project("{2150E333-8FDC-42A3-9474-1A3956D46DE8}") = "ThirdParty", "ThirdParty", "{2EE36F7B-2774-4305-920E-F8A7710CB33A}"
EndProject
Project("{2150E333-8FDC-42A3-9474-1A3956D46DE8}") = "FsCheck", "FsCheck", "{FECF8700-A40B-4BE2-BD62-596094079AF4}"
	ProjectSection(SolutionItems) = preProject
		ThirdParty\FSCheck\Contributors.txt = ThirdParty\FSCheck\Contributors.txt
		ThirdParty\FSCheck\FsCheck.dll = ThirdParty\FSCheck\FsCheck.dll
		ThirdParty\FSCheck\FsCheck.pdb = ThirdParty\FSCheck\FsCheck.pdb
		ThirdParty\FSCheck\FsCheck.XML = ThirdParty\FSCheck\FsCheck.XML
		ThirdParty\FSCheck\License.txt = ThirdParty\FSCheck\License.txt
	EndProjectSection
EndProject
Project("{2150E333-8FDC-42A3-9474-1A3956D46DE8}") = "PowerPack", "PowerPack", "{F51C638C-EDA6-48C2-9E80-A8587C8A4951}"
	ProjectSection(SolutionItems) = preProject
		ThirdParty\PowerPack\FSharp.Compiler.CodeDom.dll = ThirdParty\PowerPack\FSharp.Compiler.CodeDom.dll
		ThirdParty\PowerPack\FSharp.PowerPack.Build.Tasks.dll = ThirdParty\PowerPack\FSharp.PowerPack.Build.Tasks.dll
		ThirdParty\PowerPack\FSharp.PowerPack.Build.Tasks.xml = ThirdParty\PowerPack\FSharp.PowerPack.Build.Tasks.xml
		ThirdParty\PowerPack\FSharp.PowerPack.dll = ThirdParty\PowerPack\FSharp.PowerPack.dll
		ThirdParty\PowerPack\FSharp.PowerPack.Linq.dll = ThirdParty\PowerPack\FSharp.PowerPack.Linq.dll
		ThirdParty\PowerPack\FSharp.PowerPack.Linq.xml = ThirdParty\PowerPack\FSharp.PowerPack.Linq.xml
		ThirdParty\PowerPack\FSharp.PowerPack.Math.Providers.dll = ThirdParty\PowerPack\FSharp.PowerPack.Math.Providers.dll
		ThirdParty\PowerPack\FSharp.PowerPack.Math.Providers.xml = ThirdParty\PowerPack\FSharp.PowerPack.Math.Providers.xml
		ThirdParty\PowerPack\FSharp.PowerPack.Metadata.dll = ThirdParty\PowerPack\FSharp.PowerPack.Metadata.dll
		ThirdParty\PowerPack\FSharp.PowerPack.targets = ThirdParty\PowerPack\FSharp.PowerPack.targets
		ThirdParty\PowerPack\FSharp.PowerPack.xml = ThirdParty\PowerPack\FSharp.PowerPack.xml
		ThirdParty\PowerPack\FsLex.exe = ThirdParty\PowerPack\FsLex.exe
		ThirdParty\PowerPack\FsYacc.exe = ThirdParty\PowerPack\FsYacc.exe
		ThirdParty\PowerPack\license.txt = ThirdParty\PowerPack\license.txt
	EndProjectSection
EndProject
Project("{2150E333-8FDC-42A3-9474-1A3956D46DE8}") = "Documents", "Documents", "{D3CE2465-49A0-4003-A3DD-89E6447B27B4}"
	ProjectSection(SolutionItems) = preProject
		License.htm = License.htm
		SharpMaLib.nunit = SharpMaLib.nunit
	EndProjectSection
EndProject
Project("{FAE04EC0-301F-11D3-BF4B-00C04F79EFBC}") = "SharpMaLibCS.Tests", "SharpMaLibCS.Tests\SharpMaLibCS.Tests.csproj", "{4A312C75-AA12-4D96-B2F9-9D1764A53247}"
EndProject
Global
	GlobalSection(TeamFoundationVersionControl) = preSolution
		SccNumberOfProjects = 4
		SccEnterpriseProvider = {4CA58AB2-18FA-4F8D-95D4-32DDF27D184C}
		SccTeamFoundationServer = https://tfs09.codeplex.com/
		SccLocalPath0 = .
		SccProjectUniqueName1 = SharpMaLib.Tests\\SharpMaLib.Tests.fsproj
		SccProjectName1 = SharpMaLib.Tests
		SccLocalPath1 = SharpMaLib.Tests
		SccProjectUniqueName2 = SharpMalib\\SharpMalib.fsproj
		SccProjectName2 = SharpMalib
		SccLocalPath2 = SharpMalib
		SccProjectUniqueName3 = SharpMaLibCS.Tests\\SharpMaLibCS.Tests.csproj
		SccProjectName3 = SharpMaLibCS.Tests
		SccLocalPath3 = SharpMaLibCS.Tests
	EndGlobalSection
	GlobalSection(SolutionConfigurationPlatforms) = preSolution
		Debug|Any CPU = Debug|Any CPU
		Debug|Mixed Platforms = Debug|Mixed Platforms
		Debug|x86 = Debug|x86
		Release|Any CPU = Release|Any CPU
		Release|Mixed Platforms = Release|Mixed Platforms
		Release|x86 = Release|x86
	EndGlobalSection
	GlobalSection(ProjectConfigurationPlatforms) = postSolution
		{D8D5A216-F32D-45FA-805A-CBFC865D9231}.Debug|Any CPU.ActiveCfg = Debug|Any CPU
		{D8D5A216-F32D-45FA-805A-CBFC865D9231}.Debug|Any CPU.Build.0 = Debug|Any CPU
		{D8D5A216-F32D-45FA-805A-CBFC865D9231}.Debug|Mixed Platforms.ActiveCfg = Debug|Any CPU
		{D8D5A216-F32D-45FA-805A-CBFC865D9231}.Debug|Mixed Platforms.Build.0 = Debug|Any CPU
		{D8D5A216-F32D-45FA-805A-CBFC865D9231}.Debug|x86.ActiveCfg = Debug|Any CPU
		{D8D5A216-F32D-45FA-805A-CBFC865D9231}.Release|Any CPU.ActiveCfg = Release|Any CPU
		{D8D5A216-F32D-45FA-805A-CBFC865D9231}.Release|Any CPU.Build.0 = Release|Any CPU
		{D8D5A216-F32D-45FA-805A-CBFC865D9231}.Release|Mixed Platforms.ActiveCfg = Release|Any CPU
		{D8D5A216-F32D-45FA-805A-CBFC865D9231}.Release|Mixed Platforms.Build.0 = Release|Any CPU
		{D8D5A216-F32D-45FA-805A-CBFC865D9231}.Release|x86.ActiveCfg = Release|Any CPU
		{2ED4051E-59BB-45FA-9E9D-2645B10EBF8A}.Debug|Any CPU.ActiveCfg = Debug|Any CPU
		{2ED4051E-59BB-45FA-9E9D-2645B10EBF8A}.Debug|Any CPU.Build.0 = Debug|Any CPU
		{2ED4051E-59BB-45FA-9E9D-2645B10EBF8A}.Debug|Mixed Platforms.ActiveCfg = Debug|Any CPU
		{2ED4051E-59BB-45FA-9E9D-2645B10EBF8A}.Debug|Mixed Platforms.Build.0 = Debug|Any CPU
		{2ED4051E-59BB-45FA-9E9D-2645B10EBF8A}.Debug|x86.ActiveCfg = Debug|Any CPU
		{2ED4051E-59BB-45FA-9E9D-2645B10EBF8A}.Release|Any CPU.ActiveCfg = Release|Any CPU
		{2ED4051E-59BB-45FA-9E9D-2645B10EBF8A}.Release|Any CPU.Build.0 = Release|Any CPU
		{2ED4051E-59BB-45FA-9E9D-2645B10EBF8A}.Release|Mixed Platforms.ActiveCfg = Release|Any CPU
		{2ED4051E-59BB-45FA-9E9D-2645B10EBF8A}.Release|Mixed Platforms.Build.0 = Release|Any CPU
		{2ED4051E-59BB-45FA-9E9D-2645B10EBF8A}.Release|x86.ActiveCfg = Release|Any CPU
		{4A312C75-AA12-4D96-B2F9-9D1764A53247}.Debug|Any CPU.ActiveCfg = Debug|x86
		{4A312C75-AA12-4D96-B2F9-9D1764A53247}.Debug|Mixed Platforms.ActiveCfg = Debug|x86
		{4A312C75-AA12-4D96-B2F9-9D1764A53247}.Debug|Mixed Platforms.Build.0 = Debug|x86
		{4A312C75-AA12-4D96-B2F9-9D1764A53247}.Debug|x86.ActiveCfg = Debug|x86
		{4A312C75-AA12-4D96-B2F9-9D1764A53247}.Debug|x86.Build.0 = Debug|x86
		{4A312C75-AA12-4D96-B2F9-9D1764A53247}.Release|Any CPU.ActiveCfg = Release|x86
		{4A312C75-AA12-4D96-B2F9-9D1764A53247}.Release|Mixed Platforms.ActiveCfg = Release|x86
		{4A312C75-AA12-4D96-B2F9-9D1764A53247}.Release|Mixed Platforms.Build.0 = Release|x86
		{4A312C75-AA12-4D96-B2F9-9D1764A53247}.Release|x86.ActiveCfg = Release|x86
		{4A312C75-AA12-4D96-B2F9-9D1764A53247}.Release|x86.Build.0 = Release|x86
	EndGlobalSection
	GlobalSection(SolutionProperties) = preSolution
		HideSolutionNode = FALSE
	EndGlobalSection
	GlobalSection(NestedProjects) = preSolution
		{FECF8700-A40B-4BE2-BD62-596094079AF4} = {2EE36F7B-2774-4305-920E-F8A7710CB33A}
		{F51C638C-EDA6-48C2-9E80-A8587C8A4951} = {2EE36F7B-2774-4305-920E-F8A7710CB33A}
	EndGlobalSection
EndGlobal
