
Microsoft Visual Studio Solution File, Format Version 11.00
# Visual Studio 2010
Project("{F2A71F9B-5D33-465A-A702-920D77279786}") = "SharpMalib", "SharpMalib\SharpMalib.fsproj", "{D8D5A216-F32D-45FA-805A-CBFC865D9231}"
EndProject
Project("{F2A71F9B-5D33-465A-A702-920D77279786}") = "SharpMaLib.Tests", "SharpMaLib.Tests\SharpMaLib.Tests.fsproj", "{2ED4051E-59BB-45FA-9E9D-2645B10EBF8A}"
EndProject
Project("{2150E333-8FDC-42A3-9474-1A3956D46DE8}") = "ThirdParty", "ThirdParty", "{2EE36F7B-2774-4305-920E-F8A7710CB33A}"
EndProject
Project("{2150E333-8FDC-42A3-9474-1A3956D46DE8}") = "Documents", "Documents", "{D3CE2465-49A0-4003-A3DD-89E6447B27B4}"
	ProjectSection(SolutionItems) = preProject
		License.htm = License.htm
		SharpMaLib.nunit = SharpMaLib.nunit
	EndProjectSection
EndProject
Project("{2150E333-8FDC-42A3-9474-1A3956D46DE8}") = "NUnit", "NUnit", "{D370BC8D-9084-4E07-B221-90A441EA6B2A}"
	ProjectSection(SolutionItems) = preProject
		ThirdParty\NUnit\agent.conf = ThirdParty\NUnit\agent.conf
		ThirdParty\NUnit\agent.log.conf = ThirdParty\NUnit\agent.log.conf
		ThirdParty\NUnit\launcher.log.conf = ThirdParty\NUnit\launcher.log.conf
		ThirdParty\NUnit\license.rtf = ThirdParty\NUnit\license.rtf
		ThirdParty\NUnit\license.txt = ThirdParty\NUnit\license.txt
		ThirdParty\NUnit\log4net.dll = ThirdParty\NUnit\log4net.dll
		ThirdParty\NUnit\nunit - Copy.exe = ThirdParty\NUnit\nunit - Copy.exe
		ThirdParty\NUnit\nunit-agent.exe = ThirdParty\NUnit\nunit-agent.exe
		ThirdParty\NUnit\nunit-agent.exe.config = ThirdParty\NUnit\nunit-agent.exe.config
		ThirdParty\NUnit\nunit-agent.pdb = ThirdParty\NUnit\nunit-agent.pdb
		ThirdParty\NUnit\nunit-console.exe = ThirdParty\NUnit\nunit-console.exe
		ThirdParty\NUnit\nunit-console.exe.config = ThirdParty\NUnit\nunit-console.exe.config
		ThirdParty\NUnit\nunit-console.pdb = ThirdParty\NUnit\nunit-console.pdb
		ThirdParty\NUnit\nunit-server.exe = ThirdParty\NUnit\nunit-server.exe
		ThirdParty\NUnit\nunit-server.pdb = ThirdParty\NUnit\nunit-server.pdb
		ThirdParty\NUnit\nunit.exe = ThirdParty\NUnit\nunit.exe
		ThirdParty\NUnit\nunit.exe.config = ThirdParty\NUnit\nunit.exe.config
		ThirdParty\NUnit\nunit.framework.dll = ThirdParty\NUnit\nunit.framework.dll
		ThirdParty\NUnit\nunit.framework.pdb = ThirdParty\NUnit\nunit.framework.pdb
		ThirdParty\NUnit\nunit.framework.xml = ThirdParty\NUnit\nunit.framework.xml
		ThirdParty\NUnit\nunit.pdb = ThirdParty\NUnit\nunit.pdb
		ThirdParty\NUnit\nunit.vshost.exe = ThirdParty\NUnit\nunit.vshost.exe
		ThirdParty\NUnit\nunit.vshost.exe.config = ThirdParty\NUnit\nunit.vshost.exe.config
		ThirdParty\NUnit\pnunit-agent.exe = ThirdParty\NUnit\pnunit-agent.exe
		ThirdParty\NUnit\pnunit-agent.exe.config = ThirdParty\NUnit\pnunit-agent.exe.config
		ThirdParty\NUnit\pnunit-agent.pdb = ThirdParty\NUnit\pnunit-agent.pdb
		ThirdParty\NUnit\pnunit-launcher.exe = ThirdParty\NUnit\pnunit-launcher.exe
		ThirdParty\NUnit\pnunit-launcher.exe.config = ThirdParty\NUnit\pnunit-launcher.exe.config
		ThirdParty\NUnit\pnunit-launcher.pdb = ThirdParty\NUnit\pnunit-launcher.pdb
		ThirdParty\NUnit\pnunit.framework.dll = ThirdParty\NUnit\pnunit.framework.dll
		ThirdParty\NUnit\pnunit.framework.pdb = ThirdParty\NUnit\pnunit.framework.pdb
		ThirdParty\NUnit\pnunit.tests.dll = ThirdParty\NUnit\pnunit.tests.dll
		ThirdParty\NUnit\pnunit.tests.pdb = ThirdParty\NUnit\pnunit.tests.pdb
		ThirdParty\NUnit\test.conf = ThirdParty\NUnit\test.conf
	EndProjectSection
EndProject
Project("{2150E333-8FDC-42A3-9474-1A3956D46DE8}") = "lib", "lib", "{F5751C33-2C93-48C9-AD0F-A5649D97DC3C}"
	ProjectSection(SolutionItems) = preProject
		ThirdParty\NUnit\lib\nunit-console-runner.dll = ThirdParty\NUnit\lib\nunit-console-runner.dll
		ThirdParty\NUnit\lib\nunit-console-runner.pdb = ThirdParty\NUnit\lib\nunit-console-runner.pdb
		ThirdParty\NUnit\lib\nunit-gui-runner.dll = ThirdParty\NUnit\lib\nunit-gui-runner.dll
		ThirdParty\NUnit\lib\nunit-gui-runner.pdb = ThirdParty\NUnit\lib\nunit-gui-runner.pdb
		ThirdParty\NUnit\lib\nunit.core.dll = ThirdParty\NUnit\lib\nunit.core.dll
		ThirdParty\NUnit\lib\nunit.core.interfaces.dll = ThirdParty\NUnit\lib\nunit.core.interfaces.dll
		ThirdParty\NUnit\lib\nunit.core.interfaces.pdb = ThirdParty\NUnit\lib\nunit.core.interfaces.pdb
		ThirdParty\NUnit\lib\nunit.core.interfaces.xml = ThirdParty\NUnit\lib\nunit.core.interfaces.xml
		ThirdParty\NUnit\lib\nunit.core.pdb = ThirdParty\NUnit\lib\nunit.core.pdb
		ThirdParty\NUnit\lib\nunit.fixtures.dll = ThirdParty\NUnit\lib\nunit.fixtures.dll
		ThirdParty\NUnit\lib\nunit.fixtures.pdb = ThirdParty\NUnit\lib\nunit.fixtures.pdb
		ThirdParty\NUnit\lib\nunit.framework.dll = ThirdParty\NUnit\lib\nunit.framework.dll
		ThirdParty\NUnit\lib\nunit.framework.pdb = ThirdParty\NUnit\lib\nunit.framework.pdb
		ThirdParty\NUnit\lib\nunit.uiexception.dll = ThirdParty\NUnit\lib\nunit.uiexception.dll
		ThirdParty\NUnit\lib\nunit.uiexception.pdb = ThirdParty\NUnit\lib\nunit.uiexception.pdb
		ThirdParty\NUnit\lib\nunit.uikit.dll = ThirdParty\NUnit\lib\nunit.uikit.dll
		ThirdParty\NUnit\lib\nunit.uikit.pdb = ThirdParty\NUnit\lib\nunit.uikit.pdb
		ThirdParty\NUnit\lib\nunit.util.dll = ThirdParty\NUnit\lib\nunit.util.dll
		ThirdParty\NUnit\lib\nunit.util.pdb = ThirdParty\NUnit\lib\nunit.util.pdb
	EndProjectSection
EndProject
Project("{FAE04EC0-301F-11D3-BF4B-00C04F79EFBC}") = "SharpMaLibCSharpTests", "SharpMaLibCSharpTests\SharpMaLibCSharpTests.csproj", "{41E0068A-F11B-4B1F-B264-98E457AC5020}"
EndProject
Project("{2150E333-8FDC-42A3-9474-1A3956D46DE8}") = "FsCheck", "FsCheck", "{1B5B3BE9-7A86-4B70-851F-CB3CE8FFDA59}"
	ProjectSection(SolutionItems) = preProject
		ThirdParty\FSCheck\Contributors.txt = ThirdParty\FSCheck\Contributors.txt
		ThirdParty\FSCheck\FsCheck.dll = ThirdParty\FSCheck\FsCheck.dll
		ThirdParty\FSCheck\FsCheck.pdb = ThirdParty\FSCheck\FsCheck.pdb
		ThirdParty\FSCheck\FsCheck.XML = ThirdParty\FSCheck\FsCheck.XML
		ThirdParty\FSCheck\License.txt = ThirdParty\FSCheck\License.txt
	EndProjectSection
EndProject
Project("{FAE04EC0-301F-11D3-BF4B-00C04F79EFBC}") = "SharpMaLibCS.Tests", "SharpMaLibCS.Tests\SharpMaLibCS.Tests.csproj", "{4A312C75-AA12-4D96-B2F9-9D1764A53247}"
EndProject
Global
	GlobalSection(TeamFoundationVersionControl) = preSolution
		SccNumberOfProjects = 5
		SccEnterpriseProvider = {4CA58AB2-18FA-4F8D-95D4-32DDF27D184C}
		SccTeamFoundationServer = https://tfs.codeplex.com/tfs/tfs09
		SccLocalPath0 = .
		SccProjectUniqueName1 = SharpMaLib.Tests\\SharpMaLib.Tests.fsproj
		SccProjectName1 = SharpMaLib.Tests
		SccLocalPath1 = SharpMaLib.Tests
		SccProjectUniqueName2 = SharpMalib\\SharpMalib.fsproj
		SccProjectName2 = SharpMalib
		SccLocalPath2 = SharpMalib
		SccProjectUniqueName3 = SharpMaLibCSharpTests\\SharpMaLibCSharpTests.csproj
		SccProjectName3 = SharpMaLibCSharpTests
		SccLocalPath3 = SharpMaLibCSharpTests
		SccProjectUniqueName4 = SharpMaLibCS.Tests\\SharpMaLibCS.Tests.csproj
		SccProjectName4 = SharpMaLibCS.Tests
		SccLocalPath4 = SharpMaLibCS.Tests
	EndGlobalSection
	GlobalSection(SolutionConfigurationPlatforms) = preSolution
		Debug|Any CPU = Debug|Any CPU
		Debug|Mixed Platforms = Debug|Mixed Platforms
		Debug|x86 = Debug|x86
		Release|Any CPU = Release|Any CPU
		Release|Mixed Platforms = Release|Mixed Platforms
		Release|x86 = Release|x86
	EndGlobalSection
	GlobalSection(ProjectConfigurationPlatforms) = postSolution
		{D8D5A216-F32D-45FA-805A-CBFC865D9231}.Debug|Any CPU.ActiveCfg = Debug|Any CPU
		{D8D5A216-F32D-45FA-805A-CBFC865D9231}.Debug|Any CPU.Build.0 = Debug|Any CPU
		{D8D5A216-F32D-45FA-805A-CBFC865D9231}.Debug|Mixed Platforms.ActiveCfg = Debug|Any CPU
		{D8D5A216-F32D-45FA-805A-CBFC865D9231}.Debug|Mixed Platforms.Build.0 = Debug|Any CPU
		{D8D5A216-F32D-45FA-805A-CBFC865D9231}.Debug|x86.ActiveCfg = Debug|Any CPU
		{D8D5A216-F32D-45FA-805A-CBFC865D9231}.Release|Any CPU.ActiveCfg = Release|Any CPU
		{D8D5A216-F32D-45FA-805A-CBFC865D9231}.Release|Any CPU.Build.0 = Release|Any CPU
		{D8D5A216-F32D-45FA-805A-CBFC865D9231}.Release|Mixed Platforms.ActiveCfg = Release|Any CPU
		{D8D5A216-F32D-45FA-805A-CBFC865D9231}.Release|Mixed Platforms.Build.0 = Release|Any CPU
		{D8D5A216-F32D-45FA-805A-CBFC865D9231}.Release|x86.ActiveCfg = Release|Any CPU
		{2ED4051E-59BB-45FA-9E9D-2645B10EBF8A}.Debug|Any CPU.ActiveCfg = Debug|Any CPU
		{2ED4051E-59BB-45FA-9E9D-2645B10EBF8A}.Debug|Any CPU.Build.0 = Debug|Any CPU
		{2ED4051E-59BB-45FA-9E9D-2645B10EBF8A}.Debug|Mixed Platforms.ActiveCfg = Debug|Any CPU
		{2ED4051E-59BB-45FA-9E9D-2645B10EBF8A}.Debug|Mixed Platforms.Build.0 = Debug|Any CPU
		{2ED4051E-59BB-45FA-9E9D-2645B10EBF8A}.Debug|x86.ActiveCfg = Debug|Any CPU
		{2ED4051E-59BB-45FA-9E9D-2645B10EBF8A}.Release|Any CPU.ActiveCfg = Release|Any CPU
		{2ED4051E-59BB-45FA-9E9D-2645B10EBF8A}.Release|Any CPU.Build.0 = Release|Any CPU
		{2ED4051E-59BB-45FA-9E9D-2645B10EBF8A}.Release|Mixed Platforms.ActiveCfg = Release|Any CPU
		{2ED4051E-59BB-45FA-9E9D-2645B10EBF8A}.Release|Mixed Platforms.Build.0 = Release|Any CPU
		{2ED4051E-59BB-45FA-9E9D-2645B10EBF8A}.Release|x86.ActiveCfg = Release|Any CPU
		{41E0068A-F11B-4B1F-B264-98E457AC5020}.Debug|Any CPU.ActiveCfg = Debug|Any CPU
		{41E0068A-F11B-4B1F-B264-98E457AC5020}.Debug|Any CPU.Build.0 = Debug|Any CPU
		{41E0068A-F11B-4B1F-B264-98E457AC5020}.Debug|Mixed Platforms.ActiveCfg = Debug|Any CPU
		{41E0068A-F11B-4B1F-B264-98E457AC5020}.Debug|Mixed Platforms.Build.0 = Debug|Any CPU
		{41E0068A-F11B-4B1F-B264-98E457AC5020}.Debug|x86.ActiveCfg = Debug|Any CPU
		{41E0068A-F11B-4B1F-B264-98E457AC5020}.Release|Any CPU.ActiveCfg = Release|Any CPU
		{41E0068A-F11B-4B1F-B264-98E457AC5020}.Release|Any CPU.Build.0 = Release|Any CPU
		{41E0068A-F11B-4B1F-B264-98E457AC5020}.Release|Mixed Platforms.ActiveCfg = Release|Any CPU
		{41E0068A-F11B-4B1F-B264-98E457AC5020}.Release|Mixed Platforms.Build.0 = Release|Any CPU
		{41E0068A-F11B-4B1F-B264-98E457AC5020}.Release|x86.ActiveCfg = Release|Any CPU
		{4A312C75-AA12-4D96-B2F9-9D1764A53247}.Debug|Any CPU.ActiveCfg = Debug|x86
		{4A312C75-AA12-4D96-B2F9-9D1764A53247}.Debug|Mixed Platforms.ActiveCfg = Debug|x86
		{4A312C75-AA12-4D96-B2F9-9D1764A53247}.Debug|Mixed Platforms.Build.0 = Debug|x86
		{4A312C75-AA12-4D96-B2F9-9D1764A53247}.Debug|x86.ActiveCfg = Debug|x86
		{4A312C75-AA12-4D96-B2F9-9D1764A53247}.Debug|x86.Build.0 = Debug|x86
		{4A312C75-AA12-4D96-B2F9-9D1764A53247}.Release|Any CPU.ActiveCfg = Release|x86
		{4A312C75-AA12-4D96-B2F9-9D1764A53247}.Release|Mixed Platforms.ActiveCfg = Release|x86
		{4A312C75-AA12-4D96-B2F9-9D1764A53247}.Release|Mixed Platforms.Build.0 = Release|x86
		{4A312C75-AA12-4D96-B2F9-9D1764A53247}.Release|x86.ActiveCfg = Release|x86
		{4A312C75-AA12-4D96-B2F9-9D1764A53247}.Release|x86.Build.0 = Release|x86
	EndGlobalSection
	GlobalSection(SolutionProperties) = preSolution
		HideSolutionNode = FALSE
	EndGlobalSection
	GlobalSection(NestedProjects) = preSolution
		{D370BC8D-9084-4E07-B221-90A441EA6B2A} = {2EE36F7B-2774-4305-920E-F8A7710CB33A}
		{1B5B3BE9-7A86-4B70-851F-CB3CE8FFDA59} = {2EE36F7B-2774-4305-920E-F8A7710CB33A}
		{F5751C33-2C93-48C9-AD0F-A5649D97DC3C} = {D370BC8D-9084-4E07-B221-90A441EA6B2A}
	EndGlobalSection
EndGlobal
